{
  "lockfile_version": "1",
  "packages": {
    "mailpit@latest": {
      "last_modified": "2025-06-20T02:24:11Z",
      "resolved": "github:NixOS/nixpkgs/076e8c6678d8c54204abcb4b1b14c366835a58bb#mailpit",
      "source": "devbox-search",
      "version": "1.26.0",
      "systems": {
        "aarch64-darwin": {
          "outputs": [
            {
              "name": "out",
              "path": "/nix/store/zcadkny625gbsfzkdkxd1gj4dkwsqfqb-mailpit-1.26.0",
              "default": true
            }
          ],
          "store_path": "/nix/store/zcadkny625gbsfzkdkxd1gj4dkwsqfqb-mailpit-1.26.0"
        },
        "aarch64-linux": {
          "outputs": [
            {
              "name": "out",
              "path": "/nix/store/9d3iwpqgm7a4ay4f59ngffzxjrr07i1j-mailpit-1.26.0",
              "default": true
            }
          ],
          "store_path": "/nix/store/9d3iwpqgm7a4ay4f59ngffzxjrr07i1j-mailpit-1.26.0"
        },
        "x86_64-darwin": {
          "outputs": [
            {
              "name": "out",
              "path": "/nix/store/lajkbmqrynljgrz0nvrj9r27cwmbbv17-mailpit-1.26.0",
              "default": true
            }
          ],
          "store_path": "/nix/store/lajkbmqrynljgrz0nvrj9r27cwmbbv17-mailpit-1.26.0"
        },
        "x86_64-linux": {
          "outputs": [
            {
              "name": "out",
              "path": "/nix/store/cqjnlqwy5s21509xw7f9rrn0xy41xs4m-mailpit-1.26.0",
              "default": true
            }
          ],
          "store_path": "/nix/store/cqjnlqwy5s21509xw7f9rrn0xy41xs4m-mailpit-1.26.0"
        }
      }
    },
    "nodejs@20": {
      "last_modified": "2025-03-16T23:54:35Z",
      "plugin_version": "0.0.2",
      "resolved": "github:NixOS/nixpkgs/5d9b5431f967007b3952c057fc92af49a4c5f3b2#nodejs_20",
      "source": "devbox-search",
      "version": "20.19.0",
      "systems": {
        "aarch64-darwin": {
          "outputs": [
            {
              "name": "out",
              "path": "/nix/store/4i96rnl7hdzm3k3w36gx7d2p1af3b64q-nodejs-20.19.0",
              "default": true
            },
            {
              "name": "libv8",
              "path": "/nix/store/dvr6jyyhygpci5yj5mdl3p0xi2qcm02g-nodejs-20.19.0-libv8"
            }
          ],
          "store_path": "/nix/store/4i96rnl7hdzm3k3w36gx7d2p1af3b64q-nodejs-20.19.0"
        },
        "aarch64-linux": {
          "outputs": [
            {
              "name": "out",
              "path": "/nix/store/qz522zmsx441py29xy69sf5671bkhpj2-nodejs-20.19.0",
              "default": true
            },
            {
              "name": "libv8",
              "path": "/nix/store/7i02830b2pxlapzav6yyggymqmp6rk02-nodejs-20.19.0-libv8"
            }
          ],
          "store_path": "/nix/store/qz522zmsx441py29xy69sf5671bkhpj2-nodejs-20.19.0"
        },
        "x86_64-darwin": {
          "outputs": [
            {
              "name": "out",
              "path": "/nix/store/4k73p2z9h5rnfv9gal8n6m4srx5sggs8-nodejs-20.19.0",
              "default": true
            },
            {
              "name": "libv8",
              "path": "/nix/store/px89hqr3wcfk0w6146hf4171bvj4chgp-nodejs-20.19.0-libv8"
            }
          ],
          "store_path": "/nix/store/4k73p2z9h5rnfv9gal8n6m4srx5sggs8-nodejs-20.19.0"
        },
        "x86_64-linux": {
          "outputs": [
            {
              "name": "out",
              "path": "/nix/store/088a1y8kvrmvi7vm5ff67hg7c4hcnqg7-nodejs-20.19.0",
              "default": true
            },
            {
              "name": "libv8",
              "path": "/nix/store/njqqwr5311xmnm05ms3n7b8piwnyq7x1-nodejs-20.19.0-libv8"
            }
          ],
          "store_path": "/nix/store/088a1y8kvrmvi7vm5ff67hg7c4hcnqg7-nodejs-20.19.0"
        }
      }
    },
    "patch@2.8": {
      "last_modified": "2025-11-15T07:28:48Z",
      "resolved": "github:NixOS/nixpkgs/1d4c88323ac36805d09657d13a5273aea1b34f0c#patch",
      "source": "devbox-search",
      "version": "2.8",
      "systems": {
        "aarch64-darwin": {
          "outputs": [
            {
              "name": "out",
              "path": "/nix/store/rnnqrsgb7s1cis2pwjd4li9mc9pchfpn-patch-2.8",
              "default": true
            }
          ],
          "store_path": "/nix/store/rnnqrsgb7s1cis2pwjd4li9mc9pchfpn-patch-2.8"
        },
        "x86_64-darwin": {
          "outputs": [
            {
              "name": "out",
              "path": "/nix/store/xylqjx446bywdcqqlkfnpnhi0hl450zk-patch-2.8",
              "default": true
            }
          ],
          "store_path": "/nix/store/xylqjx446bywdcqqlkfnpnhi0hl450zk-patch-2.8"
        }
      }
    },
    "php84Extensions.xdebug@3": {
      "last_modified": "2025-12-31T03:27:36Z",
      "resolved": "github:NixOS/nixpkgs/f665af0cdb70ed27e1bd8f9fdfecaf451260fc55#php84Extensions.xdebug",
      "source": "devbox-search",
      "version": "3.5.0",
      "systems": {
        "aarch64-darwin": {
          "outputs": [
            {
              "name": "out",
              "path": "/nix/store/b3gr4bm87vj8wrnqmfn5wr8c7wpajshj-php-xdebug-3.5.0",
              "default": true
            }
          ],
          "store_path": "/nix/store/b3gr4bm87vj8wrnqmfn5wr8c7wpajshj-php-xdebug-3.5.0"
        },
        "aarch64-linux": {
          "outputs": [
            {
              "name": "out",
              "path": "/nix/store/5qsmfx6sylz46qrk79l2s2vnsj0a7wqf-php-xdebug-3.5.0",
              "default": true
            }
          ],
          "store_path": "/nix/store/5qsmfx6sylz46qrk79l2s2vnsj0a7wqf-php-xdebug-3.5.0"
        },
        "x86_64-darwin": {
          "outputs": [
            {
              "name": "out",
              "path": "/nix/store/qhn1ii0vinfzcmq664hyxim3qj5a09yr-php-xdebug-3.5.0",
              "default": true
            }
          ],
          "store_path": "/nix/store/qhn1ii0vinfzcmq664hyxim3qj5a09yr-php-xdebug-3.5.0"
        },
        "x86_64-linux": {
          "outputs": [
            {
              "name": "out",
              "path": "/nix/store/slz8dxc5bbxw0r9i1bam4ziiqx78p30y-php-xdebug-3.5.0",
              "default": true
            }
          ],
          "store_path": "/nix/store/slz8dxc5bbxw0r9i1bam4ziiqx78p30y-php-xdebug-3.5.0"
        }
      }
    },
    "php84Packages.composer@2": {
      "last_modified": "2025-12-31T03:27:36Z",
      "resolved": "github:NixOS/nixpkgs/f665af0cdb70ed27e1bd8f9fdfecaf451260fc55#php84Packages.composer",
      "source": "devbox-search",
      "version": "2.9.2",
      "systems": {
        "aarch64-darwin": {
          "outputs": [
            {
              "name": "out",
              "path": "/nix/store/kkcmf0vbmcqkxj0f1b146wpbmff9xlac-composer-2.9.2",
              "default": true
            }
          ],
          "store_path": "/nix/store/kkcmf0vbmcqkxj0f1b146wpbmff9xlac-composer-2.9.2"
        },
        "aarch64-linux": {
          "outputs": [
            {
              "name": "out",
              "path": "/nix/store/84hmfkm98845s0ysvy1jpz3c8rc4zhis-composer-2.9.2",
              "default": true
            }
          ],
          "store_path": "/nix/store/84hmfkm98845s0ysvy1jpz3c8rc4zhis-composer-2.9.2"
        },
        "x86_64-darwin": {
          "outputs": [
            {
              "name": "out",
              "path": "/nix/store/9h88wm4y2zgyf369k0sril979x4a7iy7-composer-2.9.2",
              "default": true
            }
          ],
          "store_path": "/nix/store/9h88wm4y2zgyf369k0sril979x4a7iy7-composer-2.9.2"
        },
        "x86_64-linux": {
          "outputs": [
            {
              "name": "out",
              "path": "/nix/store/glpcv2mp0jl7xaji7ns5w6kfryja64kc-composer-2.9.2",
              "default": true
            }
          ],
          "store_path": "/nix/store/glpcv2mp0jl7xaji7ns5w6kfryja64kc-composer-2.9.2"
        }
      }
    },
    "php@8.4": {
      "last_modified": "2025-12-31T03:27:36Z",
      "plugin_version": "0.0.3",
      "resolved": "github:NixOS/nixpkgs/f665af0cdb70ed27e1bd8f9fdfecaf451260fc55#php",
      "source": "devbox-search",
      "version": "8.4.16",
      "systems": {
        "aarch64-darwin": {
          "outputs": [
            {
              "name": "out",
              "path": "/nix/store/vcc1qgjma41h0gxsjjajiz1zgk3x7azf-php-with-extensions-8.4.16",
              "default": true
            }
          ],
          "store_path": "/nix/store/vcc1qgjma41h0gxsjjajiz1zgk3x7azf-php-with-extensions-8.4.16"
        },
        "aarch64-linux": {
          "outputs": [
            {
              "name": "out",
              "path": "/nix/store/3bv66a3i6ccpmcxvs5in0vxkwfsj5nlr-php-with-extensions-8.4.16",
              "default": true
            }
          ],
          "store_path": "/nix/store/3bv66a3i6ccpmcxvs5in0vxkwfsj5nlr-php-with-extensions-8.4.16"
        },
        "x86_64-darwin": {
          "outputs": [
            {
              "name": "out",
              "path": "/nix/store/f8p067vigk85q5hfxwzq4nymzdvjljy0-php-with-extensions-8.4.16",
              "default": true
            }
          ],
          "store_path": "/nix/store/f8p067vigk85q5hfxwzq4nymzdvjljy0-php-with-extensions-8.4.16"
        },
        "x86_64-linux": {
          "outputs": [
            {
              "name": "out",
              "path": "/nix/store/zc1v3c5sqbm9kazc0h9rzp17w4ihw2ih-php-with-extensions-8.4.16",
              "default": true
            }
          ],
          "store_path": "/nix/store/zc1v3c5sqbm9kazc0h9rzp17w4ihw2ih-php-with-extensions-8.4.16"
        }
      }
    }
  }
}
